
Microsoft Visual Studio Solution File, Format Version 12.00
# Visual Studio 15
VisualStudioVersion = 15.0.28307.902
MinimumVisualStudioVersion = 10.0.40219.1
Project("{FAE04EC0-301F-11D3-BF4B-00C04F79EFBC}") = "PipRest", "PipRest\PipRest.csproj", "{7A221220-4820-4B83-8437-D6CBC4C3FDE0}"
EndProject
Project("{FAE04EC0-301F-11D3-BF4B-00C04F79EFBC}") = "UnitTestProject", "UnitTestProject\UnitTestProject.csproj", "{BDAFE69D-7821-4FC5-B0CA-8D8A7AF4ACA2}"
EndProject
Global
	GlobalSection(SolutionConfigurationPlatforms) = preSolution
		Debug|Any CPU = Debug|Any CPU
		Release|Any CPU = Release|Any CPU
	EndGlobalSection
	GlobalSection(ProjectConfigurationPlatforms) = postSolution
		{7A221220-4820-4B83-8437-D6CBC4C3FDE0}.Debug|Any CPU.ActiveCfg = Debug|Any CPU
		{7A221220-4820-4B83-8437-D6CBC4C3FDE0}.Debug|Any CPU.Build.0 = Debug|Any CPU
		{7A221220-4820-4B83-8437-D6CBC4C3FDE0}.Release|Any CPU.ActiveCfg = Release|Any CPU
		{7A221220-4820-4B83-8437-D6CBC4C3FDE0}.Release|Any CPU.Build.0 = Release|Any CPU
		{BDAFE69D-7821-4FC5-B0CA-8D8A7AF4ACA2}.Debug|Any CPU.ActiveCfg = Debug|Any CPU
		{BDAFE69D-7821-4FC5-B0CA-8D8A7AF4ACA2}.Debug|Any CPU.Build.0 = Debug|Any CPU
		{BDAFE69D-7821-4FC5-B0CA-8D8A7AF4ACA2}.Release|Any CPU.ActiveCfg = Release|Any CPU
		{BDAFE69D-7821-4FC5-B0CA-8D8A7AF4ACA2}.Release|Any CPU.Build.0 = Release|Any CPU
	EndGlobalSection
	GlobalSection(SolutionProperties) = preSolution
		HideSolutionNode = FALSE
	EndGlobalSection
	GlobalSection(ExtensibilityGlobals) = postSolution
		SolutionGuid = {A5946A0E-4F78-44B0-B088-893E462D0429}
	EndGlobalSection
EndGlobal
