
Microsoft Visual Studio Solution File, Format Version 12.00
# Visual Studio Version 16
VisualStudioVersion = 16.0.29519.87
MinimumVisualStudioVersion = 10.0.40219.1
Project("{FAE04EC0-301F-11D3-BF4B-00C04F79EFBC}") = "UDPProxy", "UDPProxy\UDPProxy.csproj", "{3CFA58F4-38AD-428C-AF98-6DBCF9BF7E84}"
EndProject
Global
	GlobalSection(SolutionConfigurationPlatforms) = preSolution
		Debug|Any CPU = Debug|Any CPU
		Release|Any CPU = Release|Any CPU
	EndGlobalSection
	GlobalSection(ProjectConfigurationPlatforms) = postSolution
		{3CFA58F4-38AD-428C-AF98-6DBCF9BF7E84}.Debug|Any CPU.ActiveCfg = Debug|Any CPU
		{3CFA58F4-38AD-428C-AF98-6DBCF9BF7E84}.Debug|Any CPU.Build.0 = Debug|Any CPU
		{3CFA58F4-38AD-428C-AF98-6DBCF9BF7E84}.Release|Any CPU.ActiveCfg = Release|Any CPU
		{3CFA58F4-38AD-428C-AF98-6DBCF9BF7E84}.Release|Any CPU.Build.0 = Release|Any CPU
	EndGlobalSection
	GlobalSection(SolutionProperties) = preSolution
		HideSolutionNode = FALSE
	EndGlobalSection
	GlobalSection(ExtensibilityGlobals) = postSolution
		SolutionGuid = {CF945C0F-DAE4-4D1E-9EEC-681B7701AF9F}
	EndGlobalSection
EndGlobal
